
Microsoft Visual Studio Solution File, Format Version 12.00
# Visual Studio Version 17
VisualStudioVersion = 17.8.34309.116
MinimumVisualStudioVersion = 10.0.40219.1
Project("{9A19103F-16F7-4668-BE54-9A1E7A4F7556}") = "ReliableDownloader", "ReliableDownloader\ReliableDownloader.csproj", "{4BDB7EC8-D136-4B9E-A978-D7A0356F0DAF}"
EndProject
Project("{9A19103F-16F7-4668-BE54-9A1E7A4F7556}") = "ReliableDownloader.Tests", "ReliableDownloader.Tests\ReliableDownloader.Tests.csproj", "{F1F405A4-D9E2-4920-ADD8-CEBCC3BAE810}"
EndProject
Project("{FAE04EC0-301F-11D3-BF4B-00C04F79EFBC}") = "ReliableDownloader.Lib", "ReliableDownloader.Lib\ReliableDownloader.Lib.csproj", "{A95C1892-9B51-4212-AA09-3BFCAAD0EA90}"
EndProject
Global
	GlobalSection(SolutionConfigurationPlatforms) = preSolution
		Debug|Any CPU = Debug|Any CPU
		Release|Any CPU = Release|Any CPU
	EndGlobalSection
	GlobalSection(ProjectConfigurationPlatforms) = postSolution
		{4BDB7EC8-D136-4B9E-A978-D7A0356F0DAF}.Debug|Any CPU.ActiveCfg = Debug|Any CPU
		{4BDB7EC8-D136-4B9E-A978-D7A0356F0DAF}.Debug|Any CPU.Build.0 = Debug|Any CPU
		{4BDB7EC8-D136-4B9E-A978-D7A0356F0DAF}.Release|Any CPU.ActiveCfg = Release|Any CPU
		{4BDB7EC8-D136-4B9E-A978-D7A0356F0DAF}.Release|Any CPU.Build.0 = Release|Any CPU
		{F1F405A4-D9E2-4920-ADD8-CEBCC3BAE810}.Debug|Any CPU.ActiveCfg = Debug|Any CPU
		{F1F405A4-D9E2-4920-ADD8-CEBCC3BAE810}.Debug|Any CPU.Build.0 = Debug|Any CPU
		{F1F405A4-D9E2-4920-ADD8-CEBCC3BAE810}.Release|Any CPU.ActiveCfg = Release|Any CPU
		{F1F405A4-D9E2-4920-ADD8-CEBCC3BAE810}.Release|Any CPU.Build.0 = Release|Any CPU
		{A95C1892-9B51-4212-AA09-3BFCAAD0EA90}.Debug|Any CPU.ActiveCfg = Debug|Any CPU
		{A95C1892-9B51-4212-AA09-3BFCAAD0EA90}.Debug|Any CPU.Build.0 = Debug|Any CPU
		{A95C1892-9B51-4212-AA09-3BFCAAD0EA90}.Release|Any CPU.ActiveCfg = Release|Any CPU
		{A95C1892-9B51-4212-AA09-3BFCAAD0EA90}.Release|Any CPU.Build.0 = Release|Any CPU
	EndGlobalSection
	GlobalSection(SolutionProperties) = preSolution
		HideSolutionNode = FALSE
	EndGlobalSection
	GlobalSection(ExtensibilityGlobals) = postSolution
		SolutionGuid = {26094C4B-A72A-4F0F-A0BF-55474B8E2AA9}
	EndGlobalSection
EndGlobal
